
Microsoft Visual Studio Solution File, Format Version 12.00
# Visual Studio Version 17
VisualStudioVersion = 17.9.34701.34
MinimumVisualStudioVersion = 10.0.40219.1
Project("{FAE04EC0-301F-11D3-BF4B-00C04F79EFBC}") = "SveynayaFabrica", "SveynayaFabrica\SveynayaFabrica.csproj", "{91B0445D-5DB8-4324-8688-A49B44229F26}"
EndProject
Project("{FAE04EC0-301F-11D3-BF4B-00C04F79EFBC}") = "WebAPISveynayaFabrica", "WebAPISveynayaFabrica\WebAPISveynayaFabrica.csproj", "{8478C871-96C6-497F-9D96-AE75A7A17C93}"
EndProject
Global
	GlobalSection(SolutionConfigurationPlatforms) = preSolution
		Debug|Any CPU = Debug|Any CPU
		Release|Any CPU = Release|Any CPU
	EndGlobalSection
	GlobalSection(ProjectConfigurationPlatforms) = postSolution
		{91B0445D-5DB8-4324-8688-A49B44229F26}.Debug|Any CPU.ActiveCfg = Debug|Any CPU
		{91B0445D-5DB8-4324-8688-A49B44229F26}.Debug|Any CPU.Build.0 = Debug|Any CPU
		{91B0445D-5DB8-4324-8688-A49B44229F26}.Release|Any CPU.ActiveCfg = Release|Any CPU
		{91B0445D-5DB8-4324-8688-A49B44229F26}.Release|Any CPU.Build.0 = Release|Any CPU
		{8478C871-96C6-497F-9D96-AE75A7A17C93}.Debug|Any CPU.ActiveCfg = Debug|Any CPU
		{8478C871-96C6-497F-9D96-AE75A7A17C93}.Debug|Any CPU.Build.0 = Debug|Any CPU
		{8478C871-96C6-497F-9D96-AE75A7A17C93}.Release|Any CPU.ActiveCfg = Release|Any CPU
		{8478C871-96C6-497F-9D96-AE75A7A17C93}.Release|Any CPU.Build.0 = Release|Any CPU
	EndGlobalSection
	GlobalSection(SolutionProperties) = preSolution
		HideSolutionNode = FALSE
	EndGlobalSection
	GlobalSection(ExtensibilityGlobals) = postSolution
		SolutionGuid = {3E2B0E2C-369B-4B8F-8D11-524F0F936A3B}
	EndGlobalSection
EndGlobal
